
Microsoft Visual Studio Solution File, Format Version 12.00
# Visual Studio Version 16
VisualStudioVersion = 16.0.31729.503
MinimumVisualStudioVersion = 10.0.40219.1
Project("{FAE04EC0-301F-11D3-BF4B-00C04F79EFBC}") = "Nic's_Paperwork", "Nic's_Paperwork\Nic's_Paperwork.csproj", "{45B34655-6E32-4A7F-9EE5-F869145668A5}"
EndProject
Global
	GlobalSection(SolutionConfigurationPlatforms) = preSolution
		Debug|Any CPU = Debug|Any CPU
		Release|Any CPU = Release|Any CPU
	EndGlobalSection
	GlobalSection(ProjectConfigurationPlatforms) = postSolution
		{45B34655-6E32-4A7F-9EE5-F869145668A5}.Debug|Any CPU.ActiveCfg = Debug|Any CPU
		{45B34655-6E32-4A7F-9EE5-F869145668A5}.Debug|Any CPU.Build.0 = Debug|Any CPU
		{45B34655-6E32-4A7F-9EE5-F869145668A5}.Release|Any CPU.ActiveCfg = Release|Any CPU
		{45B34655-6E32-4A7F-9EE5-F869145668A5}.Release|Any CPU.Build.0 = Release|Any CPU
	EndGlobalSection
	GlobalSection(SolutionProperties) = preSolution
		HideSolutionNode = FALSE
	EndGlobalSection
	GlobalSection(ExtensibilityGlobals) = postSolution
		SolutionGuid = {0B78A492-7B13-48C2-80C7-D1E5CBE501F1}
	EndGlobalSection
EndGlobal
